
Microsoft Visual Studio Solution File, Format Version 12.00
# Visual Studio Version 17
VisualStudioVersion = 17.14.36616.10 d17.14
MinimumVisualStudioVersion = 10.0.40219.1
Project("{8BC9CEB8-8B4A-11D0-8D11-00A0C91BC942}") = "stack和queue", "stack和queue\stack和queue.vcxproj", "{D27C1714-0B24-44C3-96BD-8920E5EA0300}"
EndProject
Global
	GlobalSection(SolutionConfigurationPlatforms) = preSolution
		Debug|x64 = Debug|x64
		Debug|x86 = Debug|x86
		Release|x64 = Release|x64
		Release|x86 = Release|x86
	EndGlobalSection
	GlobalSection(ProjectConfigurationPlatforms) = postSolution
		{D27C1714-0B24-44C3-96BD-8920E5EA0300}.Debug|x64.ActiveCfg = Debug|x64
		{D27C1714-0B24-44C3-96BD-8920E5EA0300}.Debug|x64.Build.0 = Debug|x64
		{D27C1714-0B24-44C3-96BD-8920E5EA0300}.Debug|x86.ActiveCfg = Debug|Win32
		{D27C1714-0B24-44C3-96BD-8920E5EA0300}.Debug|x86.Build.0 = Debug|Win32
		{D27C1714-0B24-44C3-96BD-8920E5EA0300}.Release|x64.ActiveCfg = Release|x64
		{D27C1714-0B24-44C3-96BD-8920E5EA0300}.Release|x64.Build.0 = Release|x64
		{D27C1714-0B24-44C3-96BD-8920E5EA0300}.Release|x86.ActiveCfg = Release|Win32
		{D27C1714-0B24-44C3-96BD-8920E5EA0300}.Release|x86.Build.0 = Release|Win32
	EndGlobalSection
	GlobalSection(SolutionProperties) = preSolution
		HideSolutionNode = FALSE
	EndGlobalSection
	GlobalSection(ExtensibilityGlobals) = postSolution
		SolutionGuid = {F2E1C8BF-A6EA-4EE9-AD04-564F95C4B14E}
	EndGlobalSection
EndGlobal
